
Microsoft Visual Studio Solution File, Format Version 12.00
# Visual Studio Version 16
VisualStudioVersion = 16.0.29409.12
MinimumVisualStudioVersion = 10.0.40219.1
Project("{888888A0-9F3D-457C-B088-3A5042F75D52}") = "FlaskToDos", "FlaskToDos\FlaskToDos.pyproj", "{50F0679E-3BD8-44DB-A71E-5C94F7346266}"
EndProject
Global
	GlobalSection(SolutionConfigurationPlatforms) = preSolution
		Debug|Any CPU = Debug|Any CPU
		Release|Any CPU = Release|Any CPU
	EndGlobalSection
	GlobalSection(ProjectConfigurationPlatforms) = postSolution
		{50F0679E-3BD8-44DB-A71E-5C94F7346266}.Debug|Any CPU.ActiveCfg = Debug|Any CPU
		{50F0679E-3BD8-44DB-A71E-5C94F7346266}.Debug|Any CPU.Build.0 = Debug|Any CPU
		{50F0679E-3BD8-44DB-A71E-5C94F7346266}.Release|Any CPU.ActiveCfg = Release|Any CPU
		{50F0679E-3BD8-44DB-A71E-5C94F7346266}.Release|Any CPU.Build.0 = Release|Any CPU
	EndGlobalSection
	GlobalSection(SolutionProperties) = preSolution
		HideSolutionNode = FALSE
	EndGlobalSection
	GlobalSection(ExtensibilityGlobals) = postSolution
		SolutionGuid = {924F0082-8747-49CF-90A4-4D33E4CE3B6B}
	EndGlobalSection
EndGlobal
